
Microsoft Visual Studio Solution File, Format Version 12.00
# Visual Studio 14
VisualStudioVersion = 14.0.25420.1
MinimumVisualStudioVersion = 10.0.40219.1
Project("{FAE04EC0-301F-11D3-BF4B-00C04F79EFBC}") = "Skoll", "Skoll\Skoll.csproj", "{1E693D36-D867-4854-8E20-2C5DC5DEE861}"
EndProject
Project("{FAE04EC0-301F-11D3-BF4B-00C04F79EFBC}") = "DataManager", "DataManager\DataManager.csproj", "{0D397402-46F7-4BA8-9209-5F0E66C55BBA}"
EndProject
Project("{FAE04EC0-301F-11D3-BF4B-00C04F79EFBC}") = "CacheManager", "CacheManager\CacheManager.csproj", "{0653CB29-2CC2-4CE3-B4E3-8E0F3CBD10E9}"
EndProject
Project("{FAE04EC0-301F-11D3-BF4B-00C04F79EFBC}") = "GestionGeneral", "GestionGeneral\GestionGeneral.csproj", "{94BF2764-4064-4DD0-A448-F1A8F052145C}"
EndProject
Project("{FAE04EC0-301F-11D3-BF4B-00C04F79EFBC}") = "SesionManager", "SesionManager\SesionManager.csproj", "{E45FB91E-ED1A-4D63-8D28-53DD51EBCD92}"
EndProject
Global
	GlobalSection(SolutionConfigurationPlatforms) = preSolution
		Debug|Any CPU = Debug|Any CPU
		Release|Any CPU = Release|Any CPU
	EndGlobalSection
	GlobalSection(ProjectConfigurationPlatforms) = postSolution
		{1E693D36-D867-4854-8E20-2C5DC5DEE861}.Debug|Any CPU.ActiveCfg = Debug|Any CPU
		{1E693D36-D867-4854-8E20-2C5DC5DEE861}.Debug|Any CPU.Build.0 = Debug|Any CPU
		{1E693D36-D867-4854-8E20-2C5DC5DEE861}.Release|Any CPU.ActiveCfg = Release|Any CPU
		{1E693D36-D867-4854-8E20-2C5DC5DEE861}.Release|Any CPU.Build.0 = Release|Any CPU
		{0D397402-46F7-4BA8-9209-5F0E66C55BBA}.Debug|Any CPU.ActiveCfg = Debug|Any CPU
		{0D397402-46F7-4BA8-9209-5F0E66C55BBA}.Debug|Any CPU.Build.0 = Debug|Any CPU
		{0D397402-46F7-4BA8-9209-5F0E66C55BBA}.Release|Any CPU.ActiveCfg = Release|Any CPU
		{0D397402-46F7-4BA8-9209-5F0E66C55BBA}.Release|Any CPU.Build.0 = Release|Any CPU
		{0653CB29-2CC2-4CE3-B4E3-8E0F3CBD10E9}.Debug|Any CPU.ActiveCfg = Debug|Any CPU
		{0653CB29-2CC2-4CE3-B4E3-8E0F3CBD10E9}.Debug|Any CPU.Build.0 = Debug|Any CPU
		{0653CB29-2CC2-4CE3-B4E3-8E0F3CBD10E9}.Release|Any CPU.ActiveCfg = Release|Any CPU
		{0653CB29-2CC2-4CE3-B4E3-8E0F3CBD10E9}.Release|Any CPU.Build.0 = Release|Any CPU
		{94BF2764-4064-4DD0-A448-F1A8F052145C}.Debug|Any CPU.ActiveCfg = Debug|Any CPU
		{94BF2764-4064-4DD0-A448-F1A8F052145C}.Debug|Any CPU.Build.0 = Debug|Any CPU
		{94BF2764-4064-4DD0-A448-F1A8F052145C}.Release|Any CPU.ActiveCfg = Release|Any CPU
		{94BF2764-4064-4DD0-A448-F1A8F052145C}.Release|Any CPU.Build.0 = Release|Any CPU
		{E45FB91E-ED1A-4D63-8D28-53DD51EBCD92}.Debug|Any CPU.ActiveCfg = Debug|Any CPU
		{E45FB91E-ED1A-4D63-8D28-53DD51EBCD92}.Debug|Any CPU.Build.0 = Debug|Any CPU
		{E45FB91E-ED1A-4D63-8D28-53DD51EBCD92}.Release|Any CPU.ActiveCfg = Release|Any CPU
		{E45FB91E-ED1A-4D63-8D28-53DD51EBCD92}.Release|Any CPU.Build.0 = Release|Any CPU
	EndGlobalSection
	GlobalSection(SolutionProperties) = preSolution
		HideSolutionNode = FALSE
	EndGlobalSection
EndGlobal
